// !$*UTF8*$!
{
	archiveVersion = 1;
	classes = {
	};
	objectVersion = 45;
	objects = {

/* Begin PBXBuildFile section */
		1D60589B0D05DD56006BFB54 /* main.m in Sources */ = {isa = PBXBuildFile; fileRef = 29B97316FDCFA39411CA2CEA /* main.m */; };
		1D60589F0D05DD5A006BFB54 /* Foundation.framework in Frameworks */ = {isa = PBXBuildFile; fileRef = 1D30AB110D05D00D00671497 /* Foundation.framework */; };
		1DF5F4E00D08C38300B7A737 /* UIKit.framework in Frameworks */ = {isa = PBXBuildFile; fileRef = 1DF5F4DF0D08C38300B7A737 /* UIKit.framework */; };
		288765A50DF7441C002DB57D /* CoreGraphics.framework in Frameworks */ = {isa = PBXBuildFile; fileRef = 288765A40DF7441C002DB57D /* CoreGraphics.framework */; };
		4F0EC639129F471B00436582 /* themes in Resources */ = {isa = PBXBuildFile; fileRef = 4F0EC5B2129F471B00436582 /* themes */; };
		4F14D3DF129E8DA300452621 /* PropertiesReader.m in Sources */ = {isa = PBXBuildFile; fileRef = 4F14D3DE129E8DA300452621 /* PropertiesReader.m */; };
		4F542C74129C68D6003A9AB5 /* Sound.m in Sources */ = {isa = PBXBuildFile; fileRef = 4F542C73129C68D6003A9AB5 /* Sound.m */; };
		4F542C77129C69CE003A9AB5 /* SoundReader.m in Sources */ = {isa = PBXBuildFile; fileRef = 4F542C76129C69CE003A9AB5 /* SoundReader.m */; };
		4F542C7A129C6BF7003A9AB5 /* SoundHandler.m in Sources */ = {isa = PBXBuildFile; fileRef = 4F542C79129C6BF7003A9AB5 /* SoundHandler.m */; };
		4F542C99129C7542003A9AB5 /* AVFoundation.framework in Frameworks */ = {isa = PBXBuildFile; fileRef = 4F542C98129C7542003A9AB5 /* AVFoundation.framework */; };
		4F80B3C1128EF57900DA7722 /* icon.png in Resources */ = {isa = PBXBuildFile; fileRef = 4F80B3C0128EF57900DA7722 /* icon.png */; };
		4F80B3CD128EF6D400DA7722 /* Default.png in Resources */ = {isa = PBXBuildFile; fileRef = 4F80B3CC128EF6D400DA7722 /* Default.png */; };
		4F80B3D4128EFB9700DA7722 /* Image.m in Sources */ = {isa = PBXBuildFile; fileRef = 4F80B3D3128EFB9700DA7722 /* Image.m */; };
		4F80B3D7128EFBCF00DA7722 /* Feature.m in Sources */ = {isa = PBXBuildFile; fileRef = 4F80B3D6128EFBCF00DA7722 /* Feature.m */; };
		4F80B3F3128F047D00DA7722 /* ImageFeature.m in Sources */ = {isa = PBXBuildFile; fileRef = 4F80B3F2128F047D00DA7722 /* ImageFeature.m */; };
		4F80B466128F1D5600DA7722 /* CSVReader.m in Sources */ = {isa = PBXBuildFile; fileRef = 4F80B465128F1D5600DA7722 /* CSVReader.m */; };
		4F80B4AA128F284E00DA7722 /* NounoursReader.m in Sources */ = {isa = PBXBuildFile; fileRef = 4F80B4A9128F284E00DA7722 /* NounoursReader.m */; };
		4F80B4F9128F2BF300DA7722 /* FeatureReader.m in Sources */ = {isa = PBXBuildFile; fileRef = 4F80B4F8128F2BF300DA7722 /* FeatureReader.m */; };
		4F80B8E7128F5BD100DA7722 /* ImageReader.m in Sources */ = {isa = PBXBuildFile; fileRef = 4F80B8E6128F5BD100DA7722 /* ImageReader.m */; };
		4F80B995128F62D600DA7722 /* ImageFeatureReader.m in Sources */ = {isa = PBXBuildFile; fileRef = 4F80B994128F62D600DA7722 /* ImageFeatureReader.m */; };
		4F80BA2F128F6BE400DA7722 /* AdjacentImageReader.m in Sources */ = {isa = PBXBuildFile; fileRef = 4F80BA2E128F6BE400DA7722 /* AdjacentImageReader.m */; };
		4F80BA82128FD74F00DA7722 /* MainView.m in Sources */ = {isa = PBXBuildFile; fileRef = 4F80BA81128FD74F00DA7722 /* MainView.m */; };
		4F80BAB1128FDB7200DA7722 /* Nounours.m in Sources */ = {isa = PBXBuildFile; fileRef = 4F80BAB0128FDB7200DA7722 /* Nounours.m */; };
		4F85E73A129803A800A012A5 /* NounoursAppDelegate.m in Sources */ = {isa = PBXBuildFile; fileRef = 4F85E737129803A800A012A5 /* NounoursAppDelegate.m */; };
		4F85E73B129803A800A012A5 /* NounoursViewController.m in Sources */ = {isa = PBXBuildFile; fileRef = 4F85E739129803A800A012A5 /* NounoursViewController.m */; };
		4F85E7A512983FDF00A012A5 /* AnimationImage.m in Sources */ = {isa = PBXBuildFile; fileRef = 4F85E7A412983FDF00A012A5 /* AnimationImage.m */; };
		4F85E7B91298424000A012A5 /* Animation.m in Sources */ = {isa = PBXBuildFile; fileRef = 4F85E7B81298424000A012A5 /* Animation.m */; };
		4F85E7CE12984A8500A012A5 /* FlingAnimation.m in Sources */ = {isa = PBXBuildFile; fileRef = 4F85E7CD12984A8500A012A5 /* FlingAnimation.m */; };
		4F85E8221298525000A012A5 /* AnimationReader.m in Sources */ = {isa = PBXBuildFile; fileRef = 4F85E8211298525000A012A5 /* AnimationReader.m */; };
		4F85E82D12987E0D00A012A5 /* FlingAnimationReader.m in Sources */ = {isa = PBXBuildFile; fileRef = 4F85E82C12987E0D00A012A5 /* FlingAnimationReader.m */; };
		4F85E83812989E7E00A012A5 /* AnimationHandler.m in Sources */ = {isa = PBXBuildFile; fileRef = 4F85E83712989E7E00A012A5 /* AnimationHandler.m */; };
		4F85EB64129972BB00A012A5 /* AnimationThread.m in Sources */ = {isa = PBXBuildFile; fileRef = 4F85EB63129972BB00A012A5 /* AnimationThread.m */; };
		4F8AB0E212A013520087C525 /* AnimationMenu.m in Sources */ = {isa = PBXBuildFile; fileRef = 4F8AB0E112A013520087C525 /* AnimationMenu.m */; };
		4F8AB19B12A020460087C525 /* ThemeReader.m in Sources */ = {isa = PBXBuildFile; fileRef = 4F8AB19A12A020460087C525 /* ThemeReader.m */; };
		4F8AB1F612A023E60087C525 /* theme.csv in Resources */ = {isa = PBXBuildFile; fileRef = 4F8AB1F512A023E60087C525 /* theme.csv */; };
		4F8AB23D12A027A70087C525 /* ThemeMenu.m in Sources */ = {isa = PBXBuildFile; fileRef = 4F8AB23C12A027A70087C525 /* ThemeMenu.m */; };
		4FD80CBB129F2B2D00889D73 /* Theme.m in Sources */ = {isa = PBXBuildFile; fileRef = 4F037EB8129E7ED800B00045 /* Theme.m */; };
		4FFFF64F12965D9900CA2996 /* Util.m in Sources */ = {isa = PBXBuildFile; fileRef = 4FFFF64E12965D9900CA2996 /* Util.m */; };
/* End PBXBuildFile section */

/* Begin PBXCopyFilesBuildPhase section */
		4FD80C43129F0E0E00889D73 /* CopyFiles */ = {
			isa = PBXCopyFilesBuildPhase;
			buildActionMask = 12;
			dstPath = data;
			dstSubfolderSpec = 7;
			files = (
			);
			runOnlyForDeploymentPostprocessing = 0;
		};
/* End PBXCopyFilesBuildPhase section */

/* Begin PBXFileReference section */
		1D30AB110D05D00D00671497 /* Foundation.framework */ = {isa = PBXFileReference; lastKnownFileType = wrapper.framework; name = Foundation.framework; path = System/Library/Frameworks/Foundation.framework; sourceTree = SDKROOT; };
		1D6058910D05DD3D006BFB54 /* Nounours.app */ = {isa = PBXFileReference; explicitFileType = wrapper.application; includeInIndex = 0; path = Nounours.app; sourceTree = BUILT_PRODUCTS_DIR; };
		1DF5F4DF0D08C38300B7A737 /* UIKit.framework */ = {isa = PBXFileReference; lastKnownFileType = wrapper.framework; name = UIKit.framework; path = System/Library/Frameworks/UIKit.framework; sourceTree = SDKROOT; };
		288765A40DF7441C002DB57D /* CoreGraphics.framework */ = {isa = PBXFileReference; lastKnownFileType = wrapper.framework; name = CoreGraphics.framework; path = System/Library/Frameworks/CoreGraphics.framework; sourceTree = SDKROOT; };
		29B97316FDCFA39411CA2CEA /* main.m */ = {isa = PBXFileReference; fileEncoding = 4; lastKnownFileType = sourcecode.c.objc; path = main.m; sourceTree = "<group>"; };
		32CA4F630368D1EE00C91783 /* Nounours_Prefix.pch */ = {isa = PBXFileReference; fileEncoding = 4; lastKnownFileType = sourcecode.c.h; path = Nounours_Prefix.pch; sourceTree = "<group>"; };
		4F037EB7129E7ED800B00045 /* Theme.h */ = {isa = PBXFileReference; fileEncoding = 4; lastKnownFileType = sourcecode.c.h; name = Theme.h; path = src/data/Theme.h; sourceTree = SOURCE_ROOT; };
		4F037EB8129E7ED800B00045 /* Theme.m */ = {isa = PBXFileReference; fileEncoding = 4; lastKnownFileType = sourcecode.c.objc; name = Theme.m; path = src/data/Theme.m; sourceTree = SOURCE_ROOT; };
		4F0EC5B2129F471B00436582 /* themes */ = {isa = PBXFileReference; lastKnownFileType = folder; name = themes; path = res/themes; sourceTree = "<group>"; };
		4F14D3DD129E8DA300452621 /* PropertiesReader.h */ = {isa = PBXFileReference; fileEncoding = 4; lastKnownFileType = sourcecode.c.h; name = PropertiesReader.h; path = src/io/PropertiesReader.h; sourceTree = SOURCE_ROOT; };
		4F14D3DE129E8DA300452621 /* PropertiesReader.m */ = {isa = PBXFileReference; fileEncoding = 4; lastKnownFileType = sourcecode.c.objc; name = PropertiesReader.m; path = src/io/PropertiesReader.m; sourceTree = SOURCE_ROOT; };
		4F542C72129C68D6003A9AB5 /* Sound.h */ = {isa = PBXFileReference; fileEncoding = 4; lastKnownFileType = sourcecode.c.h; name = Sound.h; path = src/data/Sound.h; sourceTree = SOURCE_ROOT; };
		4F542C73129C68D6003A9AB5 /* Sound.m */ = {isa = PBXFileReference; fileEncoding = 4; lastKnownFileType = sourcecode.c.objc; name = Sound.m; path = src/data/Sound.m; sourceTree = SOURCE_ROOT; };
		4F542C75129C69CE003A9AB5 /* SoundReader.h */ = {isa = PBXFileReference; fileEncoding = 4; lastKnownFileType = sourcecode.c.h; name = SoundReader.h; path = src/io/SoundReader.h; sourceTree = SOURCE_ROOT; };
		4F542C76129C69CE003A9AB5 /* SoundReader.m */ = {isa = PBXFileReference; fileEncoding = 4; lastKnownFileType = sourcecode.c.objc; name = SoundReader.m; path = src/io/SoundReader.m; sourceTree = SOURCE_ROOT; };
		4F542C78129C6BF7003A9AB5 /* SoundHandler.h */ = {isa = PBXFileReference; fileEncoding = 4; lastKnownFileType = sourcecode.c.h; name = SoundHandler.h; path = src/SoundHandler.h; sourceTree = SOURCE_ROOT; };
		4F542C79129C6BF7003A9AB5 /* SoundHandler.m */ = {isa = PBXFileReference; fileEncoding = 4; lastKnownFileType = sourcecode.c.objc; name = SoundHandler.m; path = src/SoundHandler.m; sourceTree = SOURCE_ROOT; };
		4F542C98129C7542003A9AB5 /* AVFoundation.framework */ = {isa = PBXFileReference; lastKnownFileType = wrapper.framework; name = AVFoundation.framework; path = System/Library/Frameworks/AVFoundation.framework; sourceTree = SDKROOT; };
		4F80B3C0128EF57900DA7722 /* icon.png */ = {isa = PBXFileReference; lastKnownFileType = image.png; path = icon.png; sourceTree = "<group>"; };
		4F80B3CC128EF6D400DA7722 /* Default.png */ = {isa = PBXFileReference; lastKnownFileType = image.png; path = Default.png; sourceTree = "<group>"; };
		4F80B3D2128EFB9700DA7722 /* Image.h */ = {isa = PBXFileReference; fileEncoding = 4; lastKnownFileType = sourcecode.c.h; name = Image.h; path = src/data/Image.h; sourceTree = SOURCE_ROOT; };
		4F80B3D3128EFB9700DA7722 /* Image.m */ = {isa = PBXFileReference; fileEncoding = 4; lastKnownFileType = sourcecode.c.objc; name = Image.m; path = src/data/Image.m; sourceTree = SOURCE_ROOT; };
		4F80B3D5128EFBCF00DA7722 /* Feature.h */ = {isa = PBXFileReference; fileEncoding = 4; lastKnownFileType = sourcecode.c.h; name = Feature.h; path = src/data/Feature.h; sourceTree = SOURCE_ROOT; };
		4F80B3D6128EFBCF00DA7722 /* Feature.m */ = {isa = PBXFileReference; fileEncoding = 4; lastKnownFileType = sourcecode.c.objc; name = Feature.m; path = src/data/Feature.m; sourceTree = SOURCE_ROOT; };
		4F80B3F1128F047D00DA7722 /* ImageFeature.h */ = {isa = PBXFileReference; fileEncoding = 4; lastKnownFileType = sourcecode.c.h; name = ImageFeature.h; path = src/data/ImageFeature.h; sourceTree = SOURCE_ROOT; };
		4F80B3F2128F047D00DA7722 /* ImageFeature.m */ = {isa = PBXFileReference; fileEncoding = 4; lastKnownFileType = sourcecode.c.objc; name = ImageFeature.m; path = src/data/ImageFeature.m; sourceTree = SOURCE_ROOT; };
		4F80B464128F1D5600DA7722 /* CSVReader.h */ = {isa = PBXFileReference; fileEncoding = 4; lastKnownFileType = sourcecode.c.h; name = CSVReader.h; path = src/io/CSVReader.h; sourceTree = SOURCE_ROOT; };
		4F80B465128F1D5600DA7722 /* CSVReader.m */ = {isa = PBXFileReference; fileEncoding = 4; lastKnownFileType = sourcecode.c.objc; name = CSVReader.m; path = src/io/CSVReader.m; sourceTree = SOURCE_ROOT; };
		4F80B4A8128F284E00DA7722 /* NounoursReader.h */ = {isa = PBXFileReference; fileEncoding = 4; lastKnownFileType = sourcecode.c.h; name = NounoursReader.h; path = src/io/NounoursReader.h; sourceTree = SOURCE_ROOT; };
		4F80B4A9128F284E00DA7722 /* NounoursReader.m */ = {isa = PBXFileReference; fileEncoding = 4; lastKnownFileType = sourcecode.c.objc; name = NounoursReader.m; path = src/io/NounoursReader.m; sourceTree = SOURCE_ROOT; };
		4F80B4F7128F2BF300DA7722 /* FeatureReader.h */ = {isa = PBXFileReference; fileEncoding = 4; lastKnownFileType = sourcecode.c.h; name = FeatureReader.h; path = src/io/FeatureReader.h; sourceTree = SOURCE_ROOT; };
		4F80B4F8128F2BF300DA7722 /* FeatureReader.m */ = {isa = PBXFileReference; fileEncoding = 4; lastKnownFileType = sourcecode.c.objc; name = FeatureReader.m; path = src/io/FeatureReader.m; sourceTree = SOURCE_ROOT; };
		4F80B8E5128F5BD100DA7722 /* ImageReader.h */ = {isa = PBXFileReference; fileEncoding = 4; lastKnownFileType = sourcecode.c.h; name = ImageReader.h; path = src/io/ImageReader.h; sourceTree = SOURCE_ROOT; };
		4F80B8E6128F5BD100DA7722 /* ImageReader.m */ = {isa = PBXFileReference; fileEncoding = 4; lastKnownFileType = sourcecode.c.objc; name = ImageReader.m; path = src/io/ImageReader.m; sourceTree = SOURCE_ROOT; };
		4F80B993128F62D600DA7722 /* ImageFeatureReader.h */ = {isa = PBXFileReference; fileEncoding = 4; lastKnownFileType = sourcecode.c.h; name = ImageFeatureReader.h; path = src/io/ImageFeatureReader.h; sourceTree = SOURCE_ROOT; };
		4F80B994128F62D600DA7722 /* ImageFeatureReader.m */ = {isa = PBXFileReference; fileEncoding = 4; lastKnownFileType = sourcecode.c.objc; name = ImageFeatureReader.m; path = src/io/ImageFeatureReader.m; sourceTree = SOURCE_ROOT; };
		4F80BA2D128F6BE400DA7722 /* AdjacentImageReader.h */ = {isa = PBXFileReference; fileEncoding = 4; lastKnownFileType = sourcecode.c.h; name = AdjacentImageReader.h; path = src/io/AdjacentImageReader.h; sourceTree = SOURCE_ROOT; };
		4F80BA2E128F6BE400DA7722 /* AdjacentImageReader.m */ = {isa = PBXFileReference; fileEncoding = 4; lastKnownFileType = sourcecode.c.objc; name = AdjacentImageReader.m; path = src/io/AdjacentImageReader.m; sourceTree = SOURCE_ROOT; };
		4F80BA80128FD74F00DA7722 /* MainView.h */ = {isa = PBXFileReference; fileEncoding = 4; lastKnownFileType = sourcecode.c.h; name = MainView.h; path = src/ui/MainView.h; sourceTree = SOURCE_ROOT; };
		4F80BA81128FD74F00DA7722 /* MainView.m */ = {isa = PBXFileReference; fileEncoding = 4; lastKnownFileType = sourcecode.c.objc; name = MainView.m; path = src/ui/MainView.m; sourceTree = SOURCE_ROOT; };
		4F80BAAF128FDB7200DA7722 /* Nounours.h */ = {isa = PBXFileReference; fileEncoding = 4; lastKnownFileType = sourcecode.c.h; name = Nounours.h; path = src/Nounours.h; sourceTree = SOURCE_ROOT; };
		4F80BAB0128FDB7200DA7722 /* Nounours.m */ = {isa = PBXFileReference; fileEncoding = 4; lastKnownFileType = sourcecode.c.objc; name = Nounours.m; path = src/Nounours.m; sourceTree = SOURCE_ROOT; };
		4F85E736129803A800A012A5 /* NounoursAppDelegate.h */ = {isa = PBXFileReference; fileEncoding = 4; lastKnownFileType = sourcecode.c.h; name = NounoursAppDelegate.h; path = src/NounoursAppDelegate.h; sourceTree = SOURCE_ROOT; };
		4F85E737129803A800A012A5 /* NounoursAppDelegate.m */ = {isa = PBXFileReference; fileEncoding = 4; lastKnownFileType = sourcecode.c.objc; name = NounoursAppDelegate.m; path = src/NounoursAppDelegate.m; sourceTree = SOURCE_ROOT; };
		4F85E738129803A800A012A5 /* NounoursViewController.h */ = {isa = PBXFileReference; fileEncoding = 4; lastKnownFileType = sourcecode.c.h; name = NounoursViewController.h; path = src/NounoursViewController.h; sourceTree = SOURCE_ROOT; };
		4F85E739129803A800A012A5 /* NounoursViewController.m */ = {isa = PBXFileReference; fileEncoding = 4; lastKnownFileType = sourcecode.c.objc; name = NounoursViewController.m; path = src/NounoursViewController.m; sourceTree = SOURCE_ROOT; };
		4F85E7A312983FDF00A012A5 /* AnimationImage.h */ = {isa = PBXFileReference; fileEncoding = 4; lastKnownFileType = sourcecode.c.h; name = AnimationImage.h; path = src/data/AnimationImage.h; sourceTree = SOURCE_ROOT; };
		4F85E7A412983FDF00A012A5 /* AnimationImage.m */ = {isa = PBXFileReference; fileEncoding = 4; lastKnownFileType = sourcecode.c.objc; name = AnimationImage.m; path = src/data/AnimationImage.m; sourceTree = SOURCE_ROOT; };
		4F85E7B71298424000A012A5 /* Animation.h */ = {isa = PBXFileReference; fileEncoding = 4; lastKnownFileType = sourcecode.c.h; name = Animation.h; path = src/data/Animation.h; sourceTree = SOURCE_ROOT; };
		4F85E7B81298424000A012A5 /* Animation.m */ = {isa = PBXFileReference; fileEncoding = 4; lastKnownFileType = sourcecode.c.objc; name = Animation.m; path = src/data/Animation.m; sourceTree = SOURCE_ROOT; };
		4F85E7CC12984A8500A012A5 /* FlingAnimation.h */ = {isa = PBXFileReference; fileEncoding = 4; lastKnownFileType = sourcecode.c.h; name = FlingAnimation.h; path = src/data/FlingAnimation.h; sourceTree = SOURCE_ROOT; };
		4F85E7CD12984A8500A012A5 /* FlingAnimation.m */ = {isa = PBXFileReference; fileEncoding = 4; lastKnownFileType = sourcecode.c.objc; name = FlingAnimation.m; path = src/data/FlingAnimation.m; sourceTree = SOURCE_ROOT; };
		4F85E8201298525000A012A5 /* AnimationReader.h */ = {isa = PBXFileReference; fileEncoding = 4; lastKnownFileType = sourcecode.c.h; name = AnimationReader.h; path = src/io/AnimationReader.h; sourceTree = SOURCE_ROOT; };
		4F85E8211298525000A012A5 /* AnimationReader.m */ = {isa = PBXFileReference; fileEncoding = 4; lastKnownFileType = sourcecode.c.objc; name = AnimationReader.m; path = src/io/AnimationReader.m; sourceTree = SOURCE_ROOT; };
		4F85E82B12987E0D00A012A5 /* FlingAnimationReader.h */ = {isa = PBXFileReference; fileEncoding = 4; lastKnownFileType = sourcecode.c.h; name = FlingAnimationReader.h; path = src/io/FlingAnimationReader.h; sourceTree = SOURCE_ROOT; };
		4F85E82C12987E0D00A012A5 /* FlingAnimationReader.m */ = {isa = PBXFileReference; fileEncoding = 4; lastKnownFileType = sourcecode.c.objc; name = FlingAnimationReader.m; path = src/io/FlingAnimationReader.m; sourceTree = SOURCE_ROOT; };
		4F85E83612989E7E00A012A5 /* AnimationHandler.h */ = {isa = PBXFileReference; fileEncoding = 4; lastKnownFileType = sourcecode.c.h; name = AnimationHandler.h; path = src/AnimationHandler.h; sourceTree = SOURCE_ROOT; };
		4F85E83712989E7E00A012A5 /* AnimationHandler.m */ = {isa = PBXFileReference; fileEncoding = 4; lastKnownFileType = sourcecode.c.objc; name = AnimationHandler.m; path = src/AnimationHandler.m; sourceTree = SOURCE_ROOT; };
		4F85EB62129972BB00A012A5 /* AnimationThread.h */ = {isa = PBXFileReference; fileEncoding = 4; lastKnownFileType = sourcecode.c.h; name = AnimationThread.h; path = src/AnimationThread.h; sourceTree = SOURCE_ROOT; };
		4F85EB63129972BB00A012A5 /* AnimationThread.m */ = {isa = PBXFileReference; fileEncoding = 4; lastKnownFileType = sourcecode.c.objc; name = AnimationThread.m; path = src/AnimationThread.m; sourceTree = SOURCE_ROOT; };
		4F8AB0E012A013520087C525 /* AnimationMenu.h */ = {isa = PBXFileReference; fileEncoding = 4; lastKnownFileType = sourcecode.c.h; name = AnimationMenu.h; path = src/ui/AnimationMenu.h; sourceTree = SOURCE_ROOT; };
		4F8AB0E112A013520087C525 /* AnimationMenu.m */ = {isa = PBXFileReference; fileEncoding = 4; lastKnownFileType = sourcecode.c.objc; name = AnimationMenu.m; path = src/ui/AnimationMenu.m; sourceTree = SOURCE_ROOT; };
		4F8AB19912A020460087C525 /* ThemeReader.h */ = {isa = PBXFileReference; fileEncoding = 4; lastKnownFileType = sourcecode.c.h; name = ThemeReader.h; path = src/io/ThemeReader.h; sourceTree = SOURCE_ROOT; };
		4F8AB19A12A020460087C525 /* ThemeReader.m */ = {isa = PBXFileReference; fileEncoding = 4; lastKnownFileType = sourcecode.c.objc; name = ThemeReader.m; path = src/io/ThemeReader.m; sourceTree = SOURCE_ROOT; };
		4F8AB1F512A023E60087C525 /* theme.csv */ = {isa = PBXFileReference; fileEncoding = 4; lastKnownFileType = text; name = theme.csv; path = res/themes/theme.csv; sourceTree = "<group>"; };
		4F8AB23B12A027A70087C525 /* ThemeMenu.h */ = {isa = PBXFileReference; fileEncoding = 4; lastKnownFileType = sourcecode.c.h; name = ThemeMenu.h; path = src/ui/ThemeMenu.h; sourceTree = SOURCE_ROOT; };
		4F8AB23C12A027A70087C525 /* ThemeMenu.m */ = {isa = PBXFileReference; fileEncoding = 4; lastKnownFileType = sourcecode.c.objc; name = ThemeMenu.m; path = src/ui/ThemeMenu.m; sourceTree = SOURCE_ROOT; };
		4FFFF64D12965D9900CA2996 /* Util.h */ = {isa = PBXFileReference; fileEncoding = 4; lastKnownFileType = sourcecode.c.h; name = Util.h; path = src/Util.h; sourceTree = SOURCE_ROOT; };
		4FFFF64E12965D9900CA2996 /* Util.m */ = {isa = PBXFileReference; fileEncoding = 4; lastKnownFileType = sourcecode.c.objc; name = Util.m; path = src/Util.m; sourceTree = SOURCE_ROOT; };
		8D1107310486CEB800E47090 /* Nounours-Info.plist */ = {isa = PBXFileReference; fileEncoding = 4; lastKnownFileType = text.plist.xml; path = "Nounours-Info.plist"; plistStructureDefinitionIdentifier = "com.apple.xcode.plist.structure-definition.iphone.info-plist"; sourceTree = "<group>"; };
/* End PBXFileReference section */

/* Begin PBXFrameworksBuildPhase section */
		1D60588F0D05DD3D006BFB54 /* Frameworks */ = {
			isa = PBXFrameworksBuildPhase;
			buildActionMask = 2147483647;
			files = (
				1D60589F0D05DD5A006BFB54 /* Foundation.framework in Frameworks */,
				1DF5F4E00D08C38300B7A737 /* UIKit.framework in Frameworks */,
				288765A50DF7441C002DB57D /* CoreGraphics.framework in Frameworks */,
				4F542C99129C7542003A9AB5 /* AVFoundation.framework in Frameworks */,
			);
			runOnlyForDeploymentPostprocessing = 0;
		};
/* End PBXFrameworksBuildPhase section */

/* Begin PBXGroup section */
		080E96DDFE201D6D7F000001 /* Classes */ = {
			isa = PBXGroup;
			children = (
				4F85E736129803A800A012A5 /* NounoursAppDelegate.h */,
				4F85E737129803A800A012A5 /* NounoursAppDelegate.m */,
				4F85E738129803A800A012A5 /* NounoursViewController.h */,
				4F85E739129803A800A012A5 /* NounoursViewController.m */,
				4F80BA78128FD6B100DA7722 /* ui */,
				4F80B44D128F18A000DA7722 /* io */,
				4F80B3FA128F075C00DA7722 /* data */,
				4F80BAAF128FDB7200DA7722 /* Nounours.h */,
				4F80BAB0128FDB7200DA7722 /* Nounours.m */,
				4FFFF64D12965D9900CA2996 /* Util.h */,
				4FFFF64E12965D9900CA2996 /* Util.m */,
				4F85E83612989E7E00A012A5 /* AnimationHandler.h */,
				4F85E83712989E7E00A012A5 /* AnimationHandler.m */,
				4F85EB62129972BB00A012A5 /* AnimationThread.h */,
				4F85EB63129972BB00A012A5 /* AnimationThread.m */,
				4F542C78129C6BF7003A9AB5 /* SoundHandler.h */,
				4F542C79129C6BF7003A9AB5 /* SoundHandler.m */,
			);
			path = Classes;
			sourceTree = "<group>";
		};
		19C28FACFE9D520D11CA2CBB /* Products */ = {
			isa = PBXGroup;
			children = (
				1D6058910D05DD3D006BFB54 /* Nounours.app */,
			);
			name = Products;
			sourceTree = "<group>";
		};
		29B97314FDCFA39411CA2CEA /* CustomTemplate */ = {
			isa = PBXGroup;
			children = (
				080E96DDFE201D6D7F000001 /* Classes */,
				29B97315FDCFA39411CA2CEA /* Other Sources */,
				29B97317FDCFA39411CA2CEA /* Resources */,
				29B97323FDCFA39411CA2CEA /* Frameworks */,
				19C28FACFE9D520D11CA2CBB /* Products */,
				4F542C98129C7542003A9AB5 /* AVFoundation.framework */,
			);
			name = CustomTemplate;
			sourceTree = "<group>";
		};
		29B97315FDCFA39411CA2CEA /* Other Sources */ = {
			isa = PBXGroup;
			children = (
				32CA4F630368D1EE00C91783 /* Nounours_Prefix.pch */,
				29B97316FDCFA39411CA2CEA /* main.m */,
			);
			name = "Other Sources";
			sourceTree = "<group>";
		};
		29B97317FDCFA39411CA2CEA /* Resources */ = {
			isa = PBXGroup;
			children = (
				4F0EC5B2129F471B00436582 /* themes */,
				4F8AB1F512A023E60087C525 /* theme.csv */,
				4F80B3CC128EF6D400DA7722 /* Default.png */,
				4F80B3C0128EF57900DA7722 /* icon.png */,
				8D1107310486CEB800E47090 /* Nounours-Info.plist */,
			);
			name = Resources;
			sourceTree = "<group>";
		};
		29B97323FDCFA39411CA2CEA /* Frameworks */ = {
			isa = PBXGroup;
			children = (
				1DF5F4DF0D08C38300B7A737 /* UIKit.framework */,
				1D30AB110D05D00D00671497 /* Foundation.framework */,
				288765A40DF7441C002DB57D /* CoreGraphics.framework */,
			);
			name = Frameworks;
			sourceTree = "<group>";
		};
		4F80B3FA128F075C00DA7722 /* data */ = {
			isa = PBXGroup;
			children = (
				4F80B3D2128EFB9700DA7722 /* Image.h */,
				4F80B3D3128EFB9700DA7722 /* Image.m */,
				4F80B3D5128EFBCF00DA7722 /* Feature.h */,
				4F80B3D6128EFBCF00DA7722 /* Feature.m */,
				4F80B3F1128F047D00DA7722 /* ImageFeature.h */,
				4F80B3F2128F047D00DA7722 /* ImageFeature.m */,
				4F85E7A312983FDF00A012A5 /* AnimationImage.h */,
				4F85E7A412983FDF00A012A5 /* AnimationImage.m */,
				4F85E7B71298424000A012A5 /* Animation.h */,
				4F85E7B81298424000A012A5 /* Animation.m */,
				4F85E7CC12984A8500A012A5 /* FlingAnimation.h */,
				4F85E7CD12984A8500A012A5 /* FlingAnimation.m */,
				4F542C72129C68D6003A9AB5 /* Sound.h */,
				4F542C73129C68D6003A9AB5 /* Sound.m */,
				4F037EB7129E7ED800B00045 /* Theme.h */,
				4F037EB8129E7ED800B00045 /* Theme.m */,
			);
			name = data;
			sourceTree = "<group>";
		};
		4F80B44D128F18A000DA7722 /* io */ = {
			isa = PBXGroup;
			children = (
				4F80B464128F1D5600DA7722 /* CSVReader.h */,
				4F80B465128F1D5600DA7722 /* CSVReader.m */,
				4F80B4A8128F284E00DA7722 /* NounoursReader.h */,
				4F80B4A9128F284E00DA7722 /* NounoursReader.m */,
				4F80B4F7128F2BF300DA7722 /* FeatureReader.h */,
				4F80B4F8128F2BF300DA7722 /* FeatureReader.m */,
				4F80B8E5128F5BD100DA7722 /* ImageReader.h */,
				4F80B8E6128F5BD100DA7722 /* ImageReader.m */,
				4F80B993128F62D600DA7722 /* ImageFeatureReader.h */,
				4F80B994128F62D600DA7722 /* ImageFeatureReader.m */,
				4F80BA2D128F6BE400DA7722 /* AdjacentImageReader.h */,
				4F80BA2E128F6BE400DA7722 /* AdjacentImageReader.m */,
				4F85E8201298525000A012A5 /* AnimationReader.h */,
				4F85E8211298525000A012A5 /* AnimationReader.m */,
				4F85E82B12987E0D00A012A5 /* FlingAnimationReader.h */,
				4F85E82C12987E0D00A012A5 /* FlingAnimationReader.m */,
				4F542C75129C69CE003A9AB5 /* SoundReader.h */,
				4F542C76129C69CE003A9AB5 /* SoundReader.m */,
				4F14D3DD129E8DA300452621 /* PropertiesReader.h */,
				4F14D3DE129E8DA300452621 /* PropertiesReader.m */,
				4F8AB19912A020460087C525 /* ThemeReader.h */,
				4F8AB19A12A020460087C525 /* ThemeReader.m */,
			);
			name = io;
			sourceTree = "<group>";
		};
		4F80BA78128FD6B100DA7722 /* ui */ = {
			isa = PBXGroup;
			children = (
				4F80BA80128FD74F00DA7722 /* MainView.h */,
				4F80BA81128FD74F00DA7722 /* MainView.m */,
				4F8AB0E012A013520087C525 /* AnimationMenu.h */,
				4F8AB0E112A013520087C525 /* AnimationMenu.m */,
				4F8AB23B12A027A70087C525 /* ThemeMenu.h */,
				4F8AB23C12A027A70087C525 /* ThemeMenu.m */,
			);
			name = ui;
			sourceTree = "<group>";
		};
/* End PBXGroup section */

/* Begin PBXNativeTarget section */
		1D6058900D05DD3D006BFB54 /* Nounours */ = {
			isa = PBXNativeTarget;
			buildConfigurationList = 1D6058960D05DD3E006BFB54 /* Build configuration list for PBXNativeTarget "Nounours" */;
			buildPhases = (
				1D60588D0D05DD3D006BFB54 /* Resources */,
				1D60588E0D05DD3D006BFB54 /* Sources */,
				1D60588F0D05DD3D006BFB54 /* Frameworks */,
				4F14D3C2129E8AE300452621 /* ShellScript */,
				4FD80C43129F0E0E00889D73 /* CopyFiles */,
			);
			buildRules = (
			);
			dependencies = (
			);
			name = Nounours;
			productName = Nounours;
			productReference = 1D6058910D05DD3D006BFB54 /* Nounours.app */;
			productType = "com.apple.product-type.application";
		};
/* End PBXNativeTarget section */

/* Begin PBXProject section */
		29B97313FDCFA39411CA2CEA /* Project object */ = {
			isa = PBXProject;
			buildConfigurationList = C01FCF4E08A954540054247B /* Build configuration list for PBXProject "Nounours" */;
			compatibilityVersion = "Xcode 3.1";
			developmentRegion = English;
			hasScannedForEncodings = 1;
			knownRegions = (
				English,
				Japanese,
				French,
				German,
			);
			mainGroup = 29B97314FDCFA39411CA2CEA /* CustomTemplate */;
			projectDirPath = "";
			projectRoot = "";
			targets = (
				1D6058900D05DD3D006BFB54 /* Nounours */,
			);
		};
/* End PBXProject section */

/* Begin PBXResourcesBuildPhase section */
		1D60588D0D05DD3D006BFB54 /* Resources */ = {
			isa = PBXResourcesBuildPhase;
			buildActionMask = 2147483647;
			files = (
				4F80B3C1128EF57900DA7722 /* icon.png in Resources */,
				4F80B3CD128EF6D400DA7722 /* Default.png in Resources */,
				4F0EC639129F471B00436582 /* themes in Resources */,
				4F8AB1F612A023E60087C525 /* theme.csv in Resources */,
			);
			runOnlyForDeploymentPostprocessing = 0;
		};
/* End PBXResourcesBuildPhase section */

/* Begin PBXShellScriptBuildPhase section */
		4F14D3C2129E8AE300452621 /* ShellScript */ = {
			isa = PBXShellScriptBuildPhase;
			buildActionMask = 2147483647;
			files = (
			);
			inputPaths = (
			);
			outputPaths = (
			);
			runOnlyForDeploymentPostprocessing = 0;
			shellPath = /bin/sh;
			shellScript = "export CODESIGN_ALLOCATE=/Developer/Platforms/iPhoneOS.platform/Developer/usr/bin/codesign_allocate\nif [ \"${PLATFORM_NAME}\" == \"iphoneos\" ]; then\n/Developer/iphoneentitlements401/gen_entitlements.py \"my.company.${PROJECT_NAME}\" \"${BUILT_PRODUCTS_DIR}/${WRAPPER_NAME}/${PROJECT_NAME}.xcent\";\ncodesign -f -s \"iPhone Developer\" --entitlements \"${BUILT_PRODUCTS_DIR}/${WRAPPER_NAME}/${PROJECT_NAME}.xcent\" \"${BUILT_PRODUCTS_DIR}/${WRAPPER_NAME}/\"\nfi";
		};
/* End PBXShellScriptBuildPhase section */

/* Begin PBXSourcesBuildPhase section */
		1D60588E0D05DD3D006BFB54 /* Sources */ = {
			isa = PBXSourcesBuildPhase;
			buildActionMask = 2147483647;
			files = (
				1D60589B0D05DD56006BFB54 /* main.m in Sources */,
				4F80B3D4128EFB9700DA7722 /* Image.m in Sources */,
				4F80B3D7128EFBCF00DA7722 /* Feature.m in Sources */,
				4F80B3F3128F047D00DA7722 /* ImageFeature.m in Sources */,
				4F80B466128F1D5600DA7722 /* CSVReader.m in Sources */,
				4F80B4AA128F284E00DA7722 /* NounoursReader.m in Sources */,
				4F80B4F9128F2BF300DA7722 /* FeatureReader.m in Sources */,
				4F80B8E7128F5BD100DA7722 /* ImageReader.m in Sources */,
				4F80B995128F62D600DA7722 /* ImageFeatureReader.m in Sources */,
				4F80BA2F128F6BE400DA7722 /* AdjacentImageReader.m in Sources */,
				4F80BA82128FD74F00DA7722 /* MainView.m in Sources */,
				4F80BAB1128FDB7200DA7722 /* Nounours.m in Sources */,
				4FFFF64F12965D9900CA2996 /* Util.m in Sources */,
				4F85E73A129803A800A012A5 /* NounoursAppDelegate.m in Sources */,
				4F85E73B129803A800A012A5 /* NounoursViewController.m in Sources */,
				4F85E7A512983FDF00A012A5 /* AnimationImage.m in Sources */,
				4F85E7B91298424000A012A5 /* Animation.m in Sources */,
				4F85E7CE12984A8500A012A5 /* FlingAnimation.m in Sources */,
				4F85E8221298525000A012A5 /* AnimationReader.m in Sources */,
				4F85E82D12987E0D00A012A5 /* FlingAnimationReader.m in Sources */,
				4F85E83812989E7E00A012A5 /* AnimationHandler.m in Sources */,
				4F85EB64129972BB00A012A5 /* AnimationThread.m in Sources */,
				4F542C74129C68D6003A9AB5 /* Sound.m in Sources */,
				4F542C77129C69CE003A9AB5 /* SoundReader.m in Sources */,
				4F542C7A129C6BF7003A9AB5 /* SoundHandler.m in Sources */,
				4F14D3DF129E8DA300452621 /* PropertiesReader.m in Sources */,
				4FD80CBB129F2B2D00889D73 /* Theme.m in Sources */,
				4F8AB0E212A013520087C525 /* AnimationMenu.m in Sources */,
				4F8AB19B12A020460087C525 /* ThemeReader.m in Sources */,
				4F8AB23D12A027A70087C525 /* ThemeMenu.m in Sources */,
			);
			runOnlyForDeploymentPostprocessing = 0;
		};
/* End PBXSourcesBuildPhase section */

/* Begin XCBuildConfiguration section */
		1D6058940D05DD3E006BFB54 /* Debug */ = {
			isa = XCBuildConfiguration;
			buildSettings = {
				ALWAYS_SEARCH_USER_PATHS = NO;
				CODE_SIGN_IDENTITY = "iPhone Developer";
				"CODE_SIGN_IDENTITY[sdk=iphoneos*]" = "iPhone Developer";
				COPY_PHASE_STRIP = NO;
				GCC_DYNAMIC_NO_PIC = NO;
				GCC_OPTIMIZATION_LEVEL = 0;
				GCC_PRECOMPILE_PREFIX_HEADER = YES;
				GCC_PREFIX_HEADER = Nounours_Prefix.pch;
				INFOPLIST_FILE = "Nounours-Info.plist";
				PRODUCT_NAME = Nounours;
				PROVISIONING_PROFILE = "";
				"PROVISIONING_PROFILE[sdk=iphoneos*]" = "";
				TARGETED_DEVICE_FAMILY = "1,2";
			};
			name = Debug;
		};
		1D6058950D05DD3E006BFB54 /* Release */ = {
			isa = XCBuildConfiguration;
			buildSettings = {
				ALWAYS_SEARCH_USER_PATHS = NO;
				CODE_SIGN_IDENTITY = "iPhone Developer";
				"CODE_SIGN_IDENTITY[sdk=iphoneos*]" = "iPhone Developer";
				COPY_PHASE_STRIP = YES;
				GCC_PRECOMPILE_PREFIX_HEADER = YES;
				GCC_PREFIX_HEADER = Nounours_Prefix.pch;
				INFOPLIST_FILE = "Nounours-Info.plist";
				PRODUCT_NAME = Nounours;
				PROVISIONING_PROFILE = "";
				"PROVISIONING_PROFILE[sdk=iphoneos*]" = "";
				VALIDATE_PRODUCT = YES;
			};
			name = Release;
		};
		C01FCF4F08A954540054247B /* Debug */ = {
			isa = XCBuildConfiguration;
			buildSettings = {
				ARCHS = "$(ARCHS_STANDARD_32_BIT)";
				CODE_SIGN_IDENTITY = "iPhone Developer: christophe de Courson (L23H662Y98)";
				"CODE_SIGN_IDENTITY[sdk=iphoneos*]" = "iPhone Developer: christophe de Courson (L23H662Y98)";
				GCC_C_LANGUAGE_STANDARD = c99;
				GCC_WARN_ABOUT_RETURN_TYPE = YES;
				GCC_WARN_UNUSED_VARIABLE = YES;
				ONLY_ACTIVE_ARCH = NO;
				PREBINDING = NO;
				PROVISIONING_PROFILE = "5CA4017E-6A5F-4063-93A8-2EA5DD6EDBDC";
				"PROVISIONING_PROFILE[sdk=iphoneos*]" = "5CA4017E-6A5F-4063-93A8-2EA5DD6EDBDC";
				SDKROOT = iphoneos4.2;
				TARGETED_DEVICE_FAMILY = 1;
			};
			name = Debug;
		};
		C01FCF5008A954540054247B /* Release */ = {
			isa = XCBuildConfiguration;
			buildSettings = {
				ARCHS = "$(ARCHS_STANDARD_32_BIT)";
				CODE_SIGN_IDENTITY = "Don't Code Sign";
				"CODE_SIGN_IDENTITY[sdk=iphoneos*]" = "Don't Code Sign";
				GCC_C_LANGUAGE_STANDARD = c99;
				GCC_WARN_ABOUT_RETURN_TYPE = YES;
				GCC_WARN_UNUSED_VARIABLE = YES;
				ONLY_ACTIVE_ARCH = NO;
				OTHER_CFLAGS = "-DNS_BLOCK_ASSERTIONS=1";
				PREBINDING = NO;
				PROVISIONING_PROFILE = "";
				"PROVISIONING_PROFILE[sdk=iphoneos*]" = "";
				SDKROOT = iphoneos4.2;
				TARGETED_DEVICE_FAMILY = 1;
			};
			name = Release;
		};
/* End XCBuildConfiguration section */

/* Begin XCConfigurationList section */
		1D6058960D05DD3E006BFB54 /* Build configuration list for PBXNativeTarget "Nounours" */ = {
			isa = XCConfigurationList;
			buildConfigurations = (
				1D6058940D05DD3E006BFB54 /* Debug */,
				1D6058950D05DD3E006BFB54 /* Release */,
			);
			defaultConfigurationIsVisible = 0;
			defaultConfigurationName = Release;
		};
		C01FCF4E08A954540054247B /* Build configuration list for PBXProject "Nounours" */ = {
			isa = XCConfigurationList;
			buildConfigurations = (
				C01FCF4F08A954540054247B /* Debug */,
				C01FCF5008A954540054247B /* Release */,
			);
			defaultConfigurationIsVisible = 0;
			defaultConfigurationName = Release;
		};
/* End XCConfigurationList section */
	};
	rootObject = 29B97313FDCFA39411CA2CEA /* Project object */;
}
